
Microsoft Visual Studio Solution File, Format Version 12.00
# Visual Studio Version 17
VisualStudioVersion = 17.11.35312.102
MinimumVisualStudioVersion = 10.0.40219.1
Project("{FAE04EC0-301F-11D3-BF4B-00C04F79EFBC}") = "2", "2\2.csproj", "{5C54429A-89E6-4148-BB8F-B8232EB7B692}"
EndProject
Global
	GlobalSection(SolutionConfigurationPlatforms) = preSolution
		Debug|Any CPU = Debug|Any CPU
		Release|Any CPU = Release|Any CPU
	EndGlobalSection
	GlobalSection(ProjectConfigurationPlatforms) = postSolution
		{5C54429A-89E6-4148-BB8F-B8232EB7B692}.Debug|Any CPU.ActiveCfg = Debug|Any CPU
		{5C54429A-89E6-4148-BB8F-B8232EB7B692}.Debug|Any CPU.Build.0 = Debug|Any CPU
		{5C54429A-89E6-4148-BB8F-B8232EB7B692}.Release|Any CPU.ActiveCfg = Release|Any CPU
		{5C54429A-89E6-4148-BB8F-B8232EB7B692}.Release|Any CPU.Build.0 = Release|Any CPU
	EndGlobalSection
	GlobalSection(SolutionProperties) = preSolution
		HideSolutionNode = FALSE
	EndGlobalSection
	GlobalSection(ExtensibilityGlobals) = postSolution
		SolutionGuid = {1CE0984E-E69F-43AF-8A12-AC7B4C5B186F}
	EndGlobalSection
EndGlobal
